
Microsoft Visual Studio Solution File, Format Version 12.00
# Visual Studio Version 17
VisualStudioVersion = 17.0.31903.59
MinimumVisualStudioVersion = 10.0.40219.1
Project("{2150E333-8FDC-42A3-9474-1A3956D46DE8}") = "src", "src", "{827E0CD3-B72D-47B6-A68D-7590B98EB39B}"
EndProject
Project("{FAE04EC0-301F-11D3-BF4B-00C04F79EFBC}") = "OmniExplorer.Core", "src\OmniExplorer.Core\OmniExplorer.Core.csproj", "{1B8921A4-B089-4AC5-BC06-8FCD73CDA6D3}"
EndProject
Project("{FAE04EC0-301F-11D3-BF4B-00C04F79EFBC}") = "OmniExplorer.Infrastructure", "src\OmniExplorer.Infrastructure\OmniExplorer.Infrastructure.csproj", "{A01CBE0E-4C4F-4F00-B200-B051E2EC4F05}"
EndProject
Project("{FAE04EC0-301F-11D3-BF4B-00C04F79EFBC}") = "OmniExplorer.Desktop", "src\OmniExplorer.Desktop\OmniExplorer.Desktop.csproj", "{80623B7D-5C03-43EF-A6D8-4569A5A482E9}"
EndProject
Project("{FAE04EC0-301F-11D3-BF4B-00C04F79EFBC}") = "OmniExplorer.Tests", "tests\OmniExplorer.Tests\OmniExplorer.Tests.csproj", "{CA30F9AE-4AFA-4C73-8526-6C61F2CD5049}"
EndProject
Global
	GlobalSection(SolutionConfigurationPlatforms) = preSolution
		Debug|Any CPU = Debug|Any CPU
		Debug|x64 = Debug|x64
		Debug|x86 = Debug|x86
		Release|Any CPU = Release|Any CPU
		Release|x64 = Release|x64
		Release|x86 = Release|x86
	EndGlobalSection
	GlobalSection(ProjectConfigurationPlatforms) = postSolution
		{1B8921A4-B089-4AC5-BC06-8FCD73CDA6D3}.Debug|Any CPU.ActiveCfg = Debug|Any CPU
		{1B8921A4-B089-4AC5-BC06-8FCD73CDA6D3}.Debug|Any CPU.Build.0 = Debug|Any CPU
		{1B8921A4-B089-4AC5-BC06-8FCD73CDA6D3}.Debug|x64.ActiveCfg = Debug|Any CPU
		{1B8921A4-B089-4AC5-BC06-8FCD73CDA6D3}.Debug|x64.Build.0 = Debug|Any CPU
		{1B8921A4-B089-4AC5-BC06-8FCD73CDA6D3}.Debug|x86.ActiveCfg = Debug|Any CPU
		{1B8921A4-B089-4AC5-BC06-8FCD73CDA6D3}.Debug|x86.Build.0 = Debug|Any CPU
		{1B8921A4-B089-4AC5-BC06-8FCD73CDA6D3}.Release|Any CPU.ActiveCfg = Release|Any CPU
		{1B8921A4-B089-4AC5-BC06-8FCD73CDA6D3}.Release|Any CPU.Build.0 = Release|Any CPU
		{1B8921A4-B089-4AC5-BC06-8FCD73CDA6D3}.Release|x64.ActiveCfg = Release|Any CPU
		{1B8921A4-B089-4AC5-BC06-8FCD73CDA6D3}.Release|x64.Build.0 = Release|Any CPU
		{1B8921A4-B089-4AC5-BC06-8FCD73CDA6D3}.Release|x86.ActiveCfg = Release|Any CPU
		{1B8921A4-B089-4AC5-BC06-8FCD73CDA6D3}.Release|x86.Build.0 = Release|Any CPU
		{A01CBE0E-4C4F-4F00-B200-B051E2EC4F05}.Debug|Any CPU.ActiveCfg = Debug|Any CPU
		{A01CBE0E-4C4F-4F00-B200-B051E2EC4F05}.Debug|Any CPU.Build.0 = Debug|Any CPU
		{A01CBE0E-4C4F-4F00-B200-B051E2EC4F05}.Debug|x64.ActiveCfg = Debug|Any CPU
		{A01CBE0E-4C4F-4F00-B200-B051E2EC4F05}.Debug|x64.Build.0 = Debug|Any CPU
		{A01CBE0E-4C4F-4F00-B200-B051E2EC4F05}.Debug|x86.ActiveCfg = Debug|Any CPU
		{A01CBE0E-4C4F-4F00-B200-B051E2EC4F05}.Debug|x86.Build.0 = Debug|Any CPU
		{A01CBE0E-4C4F-4F00-B200-B051E2EC4F05}.Release|Any CPU.ActiveCfg = Release|Any CPU
		{A01CBE0E-4C4F-4F00-B200-B051E2EC4F05}.Release|Any CPU.Build.0 = Release|Any CPU
		{A01CBE0E-4C4F-4F00-B200-B051E2EC4F05}.Release|x64.ActiveCfg = Release|Any CPU
		{A01CBE0E-4C4F-4F00-B200-B051E2EC4F05}.Release|x64.Build.0 = Release|Any CPU
		{A01CBE0E-4C4F-4F00-B200-B051E2EC4F05}.Release|x86.ActiveCfg = Release|Any CPU
		{A01CBE0E-4C4F-4F00-B200-B051E2EC4F05}.Release|x86.Build.0 = Release|Any CPU
		{80623B7D-5C03-43EF-A6D8-4569A5A482E9}.Debug|Any CPU.ActiveCfg = Debug|Any CPU
		{80623B7D-5C03-43EF-A6D8-4569A5A482E9}.Debug|Any CPU.Build.0 = Debug|Any CPU
		{80623B7D-5C03-43EF-A6D8-4569A5A482E9}.Debug|x64.ActiveCfg = Debug|Any CPU
		{80623B7D-5C03-43EF-A6D8-4569A5A482E9}.Debug|x64.Build.0 = Debug|Any CPU
		{80623B7D-5C03-43EF-A6D8-4569A5A482E9}.Debug|x86.ActiveCfg = Debug|Any CPU
		{80623B7D-5C03-43EF-A6D8-4569A5A482E9}.Debug|x86.Build.0 = Debug|Any CPU
		{80623B7D-5C03-43EF-A6D8-4569A5A482E9}.Release|Any CPU.ActiveCfg = Release|Any CPU
		{80623B7D-5C03-43EF-A6D8-4569A5A482E9}.Release|Any CPU.Build.0 = Release|Any CPU
		{80623B7D-5C03-43EF-A6D8-4569A5A482E9}.Release|x64.ActiveCfg = Release|Any CPU
		{80623B7D-5C03-43EF-A6D8-4569A5A482E9}.Release|x64.Build.0 = Release|Any CPU
		{80623B7D-5C03-43EF-A6D8-4569A5A482E9}.Release|x86.ActiveCfg = Release|Any CPU
		{80623B7D-5C03-43EF-A6D8-4569A5A482E9}.Release|x86.Build.0 = Release|Any CPU
		{CA30F9AE-4AFA-4C73-8526-6C61F2CD5049}.Debug|Any CPU.ActiveCfg = Debug|Any CPU
		{CA30F9AE-4AFA-4C73-8526-6C61F2CD5049}.Debug|Any CPU.Build.0 = Debug|Any CPU
		{CA30F9AE-4AFA-4C73-8526-6C61F2CD5049}.Debug|x64.ActiveCfg = Debug|Any CPU
		{CA30F9AE-4AFA-4C73-8526-6C61F2CD5049}.Debug|x64.Build.0 = Debug|Any CPU
		{CA30F9AE-4AFA-4C73-8526-6C61F2CD5049}.Debug|x86.ActiveCfg = Debug|Any CPU
		{CA30F9AE-4AFA-4C73-8526-6C61F2CD5049}.Debug|x86.Build.0 = Debug|Any CPU
		{CA30F9AE-4AFA-4C73-8526-6C61F2CD5049}.Release|Any CPU.ActiveCfg = Release|Any CPU
		{CA30F9AE-4AFA-4C73-8526-6C61F2CD5049}.Release|Any CPU.Build.0 = Release|Any CPU
		{CA30F9AE-4AFA-4C73-8526-6C61F2CD5049}.Release|x64.ActiveCfg = Release|Any CPU
		{CA30F9AE-4AFA-4C73-8526-6C61F2CD5049}.Release|x64.Build.0 = Release|Any CPU
		{CA30F9AE-4AFA-4C73-8526-6C61F2CD5049}.Release|x86.ActiveCfg = Release|Any CPU
		{CA30F9AE-4AFA-4C73-8526-6C61F2CD5049}.Release|x86.Build.0 = Release|Any CPU
	EndGlobalSection
	GlobalSection(SolutionProperties) = preSolution
		HideSolutionNode = FALSE
	EndGlobalSection
	GlobalSection(NestedProjects) = preSolution
		{1B8921A4-B089-4AC5-BC06-8FCD73CDA6D3} = {827E0CD3-B72D-47B6-A68D-7590B98EB39B}
		{A01CBE0E-4C4F-4F00-B200-B051E2EC4F05} = {827E0CD3-B72D-47B6-A68D-7590B98EB39B}
		{80623B7D-5C03-43EF-A6D8-4569A5A482E9} = {827E0CD3-B72D-47B6-A68D-7590B98EB39B}
		{CA30F9AE-4AFA-4C73-8526-6C61F2CD5049} = {827E0CD3-B72D-47B6-A68D-7590B98EB39B}
	EndGlobalSection
EndGlobal
